
Microsoft Visual Studio Solution File, Format Version 12.00
# Visual Studio Version 16
VisualStudioVersion = 16.0.32106.194
MinimumVisualStudioVersion = 10.0.40219.1
Project("{FAE04EC0-301F-11D3-BF4B-00C04F79EFBC}") = "ConsoleApp2", "ConsoleApp2\ConsoleApp2.csproj", "{DEF6FC00-106E-4328-AFB5-BE373BE8ABBA}"
EndProject
Global
	GlobalSection(SolutionConfigurationPlatforms) = preSolution
		Debug|Any CPU = Debug|Any CPU
		Release|Any CPU = Release|Any CPU
	EndGlobalSection
	GlobalSection(ProjectConfigurationPlatforms) = postSolution
		{DEF6FC00-106E-4328-AFB5-BE373BE8ABBA}.Debug|Any CPU.ActiveCfg = Debug|Any CPU
		{DEF6FC00-106E-4328-AFB5-BE373BE8ABBA}.Debug|Any CPU.Build.0 = Debug|Any CPU
		{DEF6FC00-106E-4328-AFB5-BE373BE8ABBA}.Release|Any CPU.ActiveCfg = Release|Any CPU
		{DEF6FC00-106E-4328-AFB5-BE373BE8ABBA}.Release|Any CPU.Build.0 = Release|Any CPU
	EndGlobalSection
	GlobalSection(SolutionProperties) = preSolution
		HideSolutionNode = FALSE
	EndGlobalSection
	GlobalSection(ExtensibilityGlobals) = postSolution
		SolutionGuid = {AE2F357D-73FF-4190-B1F1-547D4D07BAC1}
	EndGlobalSection
EndGlobal
