
Microsoft Visual Studio Solution File, Format Version 12.00
# Visual Studio Version 16
VisualStudioVersion = 16.0.32106.194
MinimumVisualStudioVersion = 10.0.40219.1
Project("{FAE04EC0-301F-11D3-BF4B-00C04F79EFBC}") = "OopsConcept1", "OopsConcept1\OopsConcept1.csproj", "{74857892-5943-4DD3-BC8E-12E30BDF5739}"
EndProject
Global
	GlobalSection(SolutionConfigurationPlatforms) = preSolution
		Debug|Any CPU = Debug|Any CPU
		Release|Any CPU = Release|Any CPU
	EndGlobalSection
	GlobalSection(ProjectConfigurationPlatforms) = postSolution
		{74857892-5943-4DD3-BC8E-12E30BDF5739}.Debug|Any CPU.ActiveCfg = Debug|Any CPU
		{74857892-5943-4DD3-BC8E-12E30BDF5739}.Debug|Any CPU.Build.0 = Debug|Any CPU
		{74857892-5943-4DD3-BC8E-12E30BDF5739}.Release|Any CPU.ActiveCfg = Release|Any CPU
		{74857892-5943-4DD3-BC8E-12E30BDF5739}.Release|Any CPU.Build.0 = Release|Any CPU
	EndGlobalSection
	GlobalSection(SolutionProperties) = preSolution
		HideSolutionNode = FALSE
	EndGlobalSection
	GlobalSection(ExtensibilityGlobals) = postSolution
		SolutionGuid = {1C607E22-F491-4B17-A674-8EF2329E1C87}
	EndGlobalSection
EndGlobal
