
Microsoft Visual Studio Solution File, Format Version 12.00
# Visual Studio Version 16
VisualStudioVersion = 16.0.32106.194
MinimumVisualStudioVersion = 10.0.40219.1
Project("{FAE04EC0-301F-11D3-BF4B-00C04F79EFBC}") = "is and as", "is and as\is and as.csproj", "{9B5FD675-104F-49D0-85DC-321BB0D54402}"
EndProject
Global
	GlobalSection(SolutionConfigurationPlatforms) = preSolution
		Debug|Any CPU = Debug|Any CPU
		Release|Any CPU = Release|Any CPU
	EndGlobalSection
	GlobalSection(ProjectConfigurationPlatforms) = postSolution
		{9B5FD675-104F-49D0-85DC-321BB0D54402}.Debug|Any CPU.ActiveCfg = Debug|Any CPU
		{9B5FD675-104F-49D0-85DC-321BB0D54402}.Debug|Any CPU.Build.0 = Debug|Any CPU
		{9B5FD675-104F-49D0-85DC-321BB0D54402}.Release|Any CPU.ActiveCfg = Release|Any CPU
		{9B5FD675-104F-49D0-85DC-321BB0D54402}.Release|Any CPU.Build.0 = Release|Any CPU
	EndGlobalSection
	GlobalSection(SolutionProperties) = preSolution
		HideSolutionNode = FALSE
	EndGlobalSection
	GlobalSection(ExtensibilityGlobals) = postSolution
		SolutionGuid = {29B473DE-2ACF-456B-9947-E160EB2C2F72}
	EndGlobalSection
EndGlobal
