
Microsoft Visual Studio Solution File, Format Version 12.00
# Visual Studio Version 16
VisualStudioVersion = 16.0.32106.194
MinimumVisualStudioVersion = 10.0.40219.1
Project("{FAE04EC0-301F-11D3-BF4B-00C04F79EFBC}") = "first console", "first console\first console.csproj", "{3CB5495E-20C7-4977-9317-A9120A003736}"
EndProject
Global
	GlobalSection(SolutionConfigurationPlatforms) = preSolution
		Debug|Any CPU = Debug|Any CPU
		Release|Any CPU = Release|Any CPU
	EndGlobalSection
	GlobalSection(ProjectConfigurationPlatforms) = postSolution
		{3CB5495E-20C7-4977-9317-A9120A003736}.Debug|Any CPU.ActiveCfg = Debug|Any CPU
		{3CB5495E-20C7-4977-9317-A9120A003736}.Debug|Any CPU.Build.0 = Debug|Any CPU
		{3CB5495E-20C7-4977-9317-A9120A003736}.Release|Any CPU.ActiveCfg = Release|Any CPU
		{3CB5495E-20C7-4977-9317-A9120A003736}.Release|Any CPU.Build.0 = Release|Any CPU
	EndGlobalSection
	GlobalSection(SolutionProperties) = preSolution
		HideSolutionNode = FALSE
	EndGlobalSection
	GlobalSection(ExtensibilityGlobals) = postSolution
		SolutionGuid = {3EC0B7AD-ADCB-4E62-B5F7-0B36CECF5F63}
	EndGlobalSection
EndGlobal
