
Microsoft Visual Studio Solution File, Format Version 12.00
# Visual Studio Version 16
VisualStudioVersion = 16.0.32106.194
MinimumVisualStudioVersion = 10.0.40219.1
Project("{FAE04EC0-301F-11D3-BF4B-00C04F79EFBC}") = "DatatypeConversion", "DatatypeConversion\DatatypeConversion.csproj", "{3ED22314-F399-44A8-8368-702B8401EA82}"
EndProject
Global
	GlobalSection(SolutionConfigurationPlatforms) = preSolution
		Debug|Any CPU = Debug|Any CPU
		Release|Any CPU = Release|Any CPU
	EndGlobalSection
	GlobalSection(ProjectConfigurationPlatforms) = postSolution
		{3ED22314-F399-44A8-8368-702B8401EA82}.Debug|Any CPU.ActiveCfg = Debug|Any CPU
		{3ED22314-F399-44A8-8368-702B8401EA82}.Debug|Any CPU.Build.0 = Debug|Any CPU
		{3ED22314-F399-44A8-8368-702B8401EA82}.Release|Any CPU.ActiveCfg = Release|Any CPU
		{3ED22314-F399-44A8-8368-702B8401EA82}.Release|Any CPU.Build.0 = Release|Any CPU
	EndGlobalSection
	GlobalSection(SolutionProperties) = preSolution
		HideSolutionNode = FALSE
	EndGlobalSection
	GlobalSection(ExtensibilityGlobals) = postSolution
		SolutionGuid = {C5115D06-C731-4765-AF97-2AFC147226AA}
	EndGlobalSection
EndGlobal
